
Microsoft Visual Studio Solution File, Format Version 12.00
# Visual Studio Version 17
VisualStudioVersion = 17.5.33502.453
MinimumVisualStudioVersion = 10.0.40219.1
Project("{9A19103F-16F7-4668-BE54-9A1E7A4F7556}") = "PylonRecon.Geometry", "src\PylonRecon.Geometry\PylonRecon.Geometry.csproj", "{F5326D37-3882-4AAE-A3A7-F8146BC81B0F}"
EndProject
Project("{9A19103F-16F7-4668-BE54-9A1E7A4F7556}") = "PylonRecon.CLI", "src\PylonRecon.CLI\PylonRecon.CLI.csproj", "{8B18F797-81A0-4065-929C-19B9171D03BC}"
EndProject
Project("{9A19103F-16F7-4668-BE54-9A1E7A4F7556}") = "PylonRecon", "src\PylonRecon\PylonRecon.csproj", "{8F51433D-3E8B-4573-8FF7-8E00E483855A}"
EndProject
Project("{9A19103F-16F7-4668-BE54-9A1E7A4F7556}") = "PylonRecon.ModelGenerator", "src\PylonRecon.ModelGenerator\PylonRecon.ModelGenerator.csproj", "{C5A8AB9F-1BD0-43AB-A779-3F9BC9FAEA1D}"
EndProject
Project("{FAE04EC0-301F-11D3-BF4B-00C04F79EFBC}") = "PylonRecon.UI", "src\PylonRecon.UI\PylonRecon.UI.csproj", "{1EC58F9B-2081-481B-81F6-5C767B3E2C12}"
EndProject
Project("{9A19103F-16F7-4668-BE54-9A1E7A4F7556}") = "PylonRecon.Wpf", "src\PylonRecon.Wpf\PylonRecon.Wpf.csproj", "{0F684DBA-3A37-4615-ABEE-FE8996936186}"
EndProject
Project("{C7167F0D-BC9F-4E6E-AFE1-012C56B48DB5}") = "PylonRecon.Wpf.Package", "src\PylonRecon.Wpf.Package\PylonRecon.Wpf.Package.wapproj", "{FBCAE8AF-8655-4796-A998-28D6A55BD8AC}"
EndProject
Global
	GlobalSection(SolutionConfigurationPlatforms) = preSolution
		Debug|Any CPU = Debug|Any CPU
		Debug|ARM = Debug|ARM
		Debug|ARM64 = Debug|ARM64
		Debug|x64 = Debug|x64
		Debug|x86 = Debug|x86
		Release|Any CPU = Release|Any CPU
		Release|ARM = Release|ARM
		Release|ARM64 = Release|ARM64
		Release|x64 = Release|x64
		Release|x86 = Release|x86
	EndGlobalSection
	GlobalSection(ProjectConfigurationPlatforms) = postSolution
		{F5326D37-3882-4AAE-A3A7-F8146BC81B0F}.Debug|Any CPU.ActiveCfg = Debug|Any CPU
		{F5326D37-3882-4AAE-A3A7-F8146BC81B0F}.Debug|Any CPU.Build.0 = Debug|Any CPU
		{F5326D37-3882-4AAE-A3A7-F8146BC81B0F}.Debug|ARM.ActiveCfg = Debug|Any CPU
		{F5326D37-3882-4AAE-A3A7-F8146BC81B0F}.Debug|ARM.Build.0 = Debug|Any CPU
		{F5326D37-3882-4AAE-A3A7-F8146BC81B0F}.Debug|ARM64.ActiveCfg = Debug|Any CPU
		{F5326D37-3882-4AAE-A3A7-F8146BC81B0F}.Debug|ARM64.Build.0 = Debug|Any CPU
		{F5326D37-3882-4AAE-A3A7-F8146BC81B0F}.Debug|x64.ActiveCfg = Debug|Any CPU
		{F5326D37-3882-4AAE-A3A7-F8146BC81B0F}.Debug|x64.Build.0 = Debug|Any CPU
		{F5326D37-3882-4AAE-A3A7-F8146BC81B0F}.Debug|x86.ActiveCfg = Debug|Any CPU
		{F5326D37-3882-4AAE-A3A7-F8146BC81B0F}.Debug|x86.Build.0 = Debug|Any CPU
		{F5326D37-3882-4AAE-A3A7-F8146BC81B0F}.Release|Any CPU.ActiveCfg = Release|Any CPU
		{F5326D37-3882-4AAE-A3A7-F8146BC81B0F}.Release|Any CPU.Build.0 = Release|Any CPU
		{F5326D37-3882-4AAE-A3A7-F8146BC81B0F}.Release|ARM.ActiveCfg = Release|Any CPU
		{F5326D37-3882-4AAE-A3A7-F8146BC81B0F}.Release|ARM.Build.0 = Release|Any CPU
		{F5326D37-3882-4AAE-A3A7-F8146BC81B0F}.Release|ARM64.ActiveCfg = Release|Any CPU
		{F5326D37-3882-4AAE-A3A7-F8146BC81B0F}.Release|ARM64.Build.0 = Release|Any CPU
		{F5326D37-3882-4AAE-A3A7-F8146BC81B0F}.Release|x64.ActiveCfg = Release|Any CPU
		{F5326D37-3882-4AAE-A3A7-F8146BC81B0F}.Release|x64.Build.0 = Release|Any CPU
		{F5326D37-3882-4AAE-A3A7-F8146BC81B0F}.Release|x86.ActiveCfg = Release|Any CPU
		{F5326D37-3882-4AAE-A3A7-F8146BC81B0F}.Release|x86.Build.0 = Release|Any CPU
		{8B18F797-81A0-4065-929C-19B9171D03BC}.Debug|Any CPU.ActiveCfg = Debug|Any CPU
		{8B18F797-81A0-4065-929C-19B9171D03BC}.Debug|Any CPU.Build.0 = Debug|Any CPU
		{8B18F797-81A0-4065-929C-19B9171D03BC}.Debug|ARM.ActiveCfg = Debug|Any CPU
		{8B18F797-81A0-4065-929C-19B9171D03BC}.Debug|ARM.Build.0 = Debug|Any CPU
		{8B18F797-81A0-4065-929C-19B9171D03BC}.Debug|ARM64.ActiveCfg = Debug|Any CPU
		{8B18F797-81A0-4065-929C-19B9171D03BC}.Debug|ARM64.Build.0 = Debug|Any CPU
		{8B18F797-81A0-4065-929C-19B9171D03BC}.Debug|x64.ActiveCfg = Debug|Any CPU
		{8B18F797-81A0-4065-929C-19B9171D03BC}.Debug|x64.Build.0 = Debug|Any CPU
		{8B18F797-81A0-4065-929C-19B9171D03BC}.Debug|x86.ActiveCfg = Debug|Any CPU
		{8B18F797-81A0-4065-929C-19B9171D03BC}.Debug|x86.Build.0 = Debug|Any CPU
		{8B18F797-81A0-4065-929C-19B9171D03BC}.Release|Any CPU.ActiveCfg = Release|Any CPU
		{8B18F797-81A0-4065-929C-19B9171D03BC}.Release|Any CPU.Build.0 = Release|Any CPU
		{8B18F797-81A0-4065-929C-19B9171D03BC}.Release|ARM.ActiveCfg = Release|Any CPU
		{8B18F797-81A0-4065-929C-19B9171D03BC}.Release|ARM.Build.0 = Release|Any CPU
		{8B18F797-81A0-4065-929C-19B9171D03BC}.Release|ARM64.ActiveCfg = Release|Any CPU
		{8B18F797-81A0-4065-929C-19B9171D03BC}.Release|ARM64.Build.0 = Release|Any CPU
		{8B18F797-81A0-4065-929C-19B9171D03BC}.Release|x64.ActiveCfg = Release|Any CPU
		{8B18F797-81A0-4065-929C-19B9171D03BC}.Release|x64.Build.0 = Release|Any CPU
		{8B18F797-81A0-4065-929C-19B9171D03BC}.Release|x86.ActiveCfg = Release|Any CPU
		{8B18F797-81A0-4065-929C-19B9171D03BC}.Release|x86.Build.0 = Release|Any CPU
		{8F51433D-3E8B-4573-8FF7-8E00E483855A}.Debug|Any CPU.ActiveCfg = Debug|Any CPU
		{8F51433D-3E8B-4573-8FF7-8E00E483855A}.Debug|Any CPU.Build.0 = Debug|Any CPU
		{8F51433D-3E8B-4573-8FF7-8E00E483855A}.Debug|ARM.ActiveCfg = Debug|Any CPU
		{8F51433D-3E8B-4573-8FF7-8E00E483855A}.Debug|ARM.Build.0 = Debug|Any CPU
		{8F51433D-3E8B-4573-8FF7-8E00E483855A}.Debug|ARM64.ActiveCfg = Debug|Any CPU
		{8F51433D-3E8B-4573-8FF7-8E00E483855A}.Debug|ARM64.Build.0 = Debug|Any CPU
		{8F51433D-3E8B-4573-8FF7-8E00E483855A}.Debug|x64.ActiveCfg = Debug|Any CPU
		{8F51433D-3E8B-4573-8FF7-8E00E483855A}.Debug|x64.Build.0 = Debug|Any CPU
		{8F51433D-3E8B-4573-8FF7-8E00E483855A}.Debug|x86.ActiveCfg = Debug|Any CPU
		{8F51433D-3E8B-4573-8FF7-8E00E483855A}.Debug|x86.Build.0 = Debug|Any CPU
		{8F51433D-3E8B-4573-8FF7-8E00E483855A}.Release|Any CPU.ActiveCfg = Release|Any CPU
		{8F51433D-3E8B-4573-8FF7-8E00E483855A}.Release|Any CPU.Build.0 = Release|Any CPU
		{8F51433D-3E8B-4573-8FF7-8E00E483855A}.Release|ARM.ActiveCfg = Release|Any CPU
		{8F51433D-3E8B-4573-8FF7-8E00E483855A}.Release|ARM.Build.0 = Release|Any CPU
		{8F51433D-3E8B-4573-8FF7-8E00E483855A}.Release|ARM64.ActiveCfg = Release|Any CPU
		{8F51433D-3E8B-4573-8FF7-8E00E483855A}.Release|ARM64.Build.0 = Release|Any CPU
		{8F51433D-3E8B-4573-8FF7-8E00E483855A}.Release|x64.ActiveCfg = Release|Any CPU
		{8F51433D-3E8B-4573-8FF7-8E00E483855A}.Release|x64.Build.0 = Release|Any CPU
		{8F51433D-3E8B-4573-8FF7-8E00E483855A}.Release|x86.ActiveCfg = Release|Any CPU
		{8F51433D-3E8B-4573-8FF7-8E00E483855A}.Release|x86.Build.0 = Release|Any CPU
		{C5A8AB9F-1BD0-43AB-A779-3F9BC9FAEA1D}.Debug|Any CPU.ActiveCfg = Debug|Any CPU
		{C5A8AB9F-1BD0-43AB-A779-3F9BC9FAEA1D}.Debug|Any CPU.Build.0 = Debug|Any CPU
		{C5A8AB9F-1BD0-43AB-A779-3F9BC9FAEA1D}.Debug|ARM.ActiveCfg = Debug|Any CPU
		{C5A8AB9F-1BD0-43AB-A779-3F9BC9FAEA1D}.Debug|ARM.Build.0 = Debug|Any CPU
		{C5A8AB9F-1BD0-43AB-A779-3F9BC9FAEA1D}.Debug|ARM64.ActiveCfg = Debug|Any CPU
		{C5A8AB9F-1BD0-43AB-A779-3F9BC9FAEA1D}.Debug|ARM64.Build.0 = Debug|Any CPU
		{C5A8AB9F-1BD0-43AB-A779-3F9BC9FAEA1D}.Debug|x64.ActiveCfg = Debug|Any CPU
		{C5A8AB9F-1BD0-43AB-A779-3F9BC9FAEA1D}.Debug|x64.Build.0 = Debug|Any CPU
		{C5A8AB9F-1BD0-43AB-A779-3F9BC9FAEA1D}.Debug|x86.ActiveCfg = Debug|Any CPU
		{C5A8AB9F-1BD0-43AB-A779-3F9BC9FAEA1D}.Debug|x86.Build.0 = Debug|Any CPU
		{C5A8AB9F-1BD0-43AB-A779-3F9BC9FAEA1D}.Release|Any CPU.ActiveCfg = Release|Any CPU
		{C5A8AB9F-1BD0-43AB-A779-3F9BC9FAEA1D}.Release|Any CPU.Build.0 = Release|Any CPU
		{C5A8AB9F-1BD0-43AB-A779-3F9BC9FAEA1D}.Release|ARM.ActiveCfg = Release|Any CPU
		{C5A8AB9F-1BD0-43AB-A779-3F9BC9FAEA1D}.Release|ARM.Build.0 = Release|Any CPU
		{C5A8AB9F-1BD0-43AB-A779-3F9BC9FAEA1D}.Release|ARM64.ActiveCfg = Release|Any CPU
		{C5A8AB9F-1BD0-43AB-A779-3F9BC9FAEA1D}.Release|ARM64.Build.0 = Release|Any CPU
		{C5A8AB9F-1BD0-43AB-A779-3F9BC9FAEA1D}.Release|x64.ActiveCfg = Release|Any CPU
		{C5A8AB9F-1BD0-43AB-A779-3F9BC9FAEA1D}.Release|x64.Build.0 = Release|Any CPU
		{C5A8AB9F-1BD0-43AB-A779-3F9BC9FAEA1D}.Release|x86.ActiveCfg = Release|Any CPU
		{C5A8AB9F-1BD0-43AB-A779-3F9BC9FAEA1D}.Release|x86.Build.0 = Release|Any CPU
		{1EC58F9B-2081-481B-81F6-5C767B3E2C12}.Debug|Any CPU.ActiveCfg = Debug|x64
		{1EC58F9B-2081-481B-81F6-5C767B3E2C12}.Debug|Any CPU.Build.0 = Debug|x64
		{1EC58F9B-2081-481B-81F6-5C767B3E2C12}.Debug|Any CPU.Deploy.0 = Debug|x64
		{1EC58F9B-2081-481B-81F6-5C767B3E2C12}.Debug|ARM.ActiveCfg = Debug|ARM
		{1EC58F9B-2081-481B-81F6-5C767B3E2C12}.Debug|ARM.Build.0 = Debug|ARM
		{1EC58F9B-2081-481B-81F6-5C767B3E2C12}.Debug|ARM.Deploy.0 = Debug|ARM
		{1EC58F9B-2081-481B-81F6-5C767B3E2C12}.Debug|ARM64.ActiveCfg = Debug|ARM64
		{1EC58F9B-2081-481B-81F6-5C767B3E2C12}.Debug|ARM64.Build.0 = Debug|ARM64
		{1EC58F9B-2081-481B-81F6-5C767B3E2C12}.Debug|ARM64.Deploy.0 = Debug|ARM64
		{1EC58F9B-2081-481B-81F6-5C767B3E2C12}.Debug|x64.ActiveCfg = Debug|x64
		{1EC58F9B-2081-481B-81F6-5C767B3E2C12}.Debug|x64.Build.0 = Debug|x64
		{1EC58F9B-2081-481B-81F6-5C767B3E2C12}.Debug|x64.Deploy.0 = Debug|x64
		{1EC58F9B-2081-481B-81F6-5C767B3E2C12}.Debug|x86.ActiveCfg = Debug|x86
		{1EC58F9B-2081-481B-81F6-5C767B3E2C12}.Debug|x86.Build.0 = Debug|x86
		{1EC58F9B-2081-481B-81F6-5C767B3E2C12}.Debug|x86.Deploy.0 = Debug|x86
		{1EC58F9B-2081-481B-81F6-5C767B3E2C12}.Release|Any CPU.ActiveCfg = Release|x64
		{1EC58F9B-2081-481B-81F6-5C767B3E2C12}.Release|Any CPU.Build.0 = Release|x64
		{1EC58F9B-2081-481B-81F6-5C767B3E2C12}.Release|Any CPU.Deploy.0 = Release|x64
		{1EC58F9B-2081-481B-81F6-5C767B3E2C12}.Release|ARM.ActiveCfg = Release|ARM
		{1EC58F9B-2081-481B-81F6-5C767B3E2C12}.Release|ARM.Build.0 = Release|ARM
		{1EC58F9B-2081-481B-81F6-5C767B3E2C12}.Release|ARM.Deploy.0 = Release|ARM
		{1EC58F9B-2081-481B-81F6-5C767B3E2C12}.Release|ARM64.ActiveCfg = Release|ARM64
		{1EC58F9B-2081-481B-81F6-5C767B3E2C12}.Release|ARM64.Build.0 = Release|ARM64
		{1EC58F9B-2081-481B-81F6-5C767B3E2C12}.Release|ARM64.Deploy.0 = Release|ARM64
		{1EC58F9B-2081-481B-81F6-5C767B3E2C12}.Release|x64.ActiveCfg = Release|x64
		{1EC58F9B-2081-481B-81F6-5C767B3E2C12}.Release|x64.Build.0 = Release|x64
		{1EC58F9B-2081-481B-81F6-5C767B3E2C12}.Release|x64.Deploy.0 = Release|x64
		{1EC58F9B-2081-481B-81F6-5C767B3E2C12}.Release|x86.ActiveCfg = Release|x86
		{1EC58F9B-2081-481B-81F6-5C767B3E2C12}.Release|x86.Build.0 = Release|x86
		{1EC58F9B-2081-481B-81F6-5C767B3E2C12}.Release|x86.Deploy.0 = Release|x86
		{0F684DBA-3A37-4615-ABEE-FE8996936186}.Debug|Any CPU.ActiveCfg = Debug|x64
		{0F684DBA-3A37-4615-ABEE-FE8996936186}.Debug|ARM.ActiveCfg = Debug|x64
		{0F684DBA-3A37-4615-ABEE-FE8996936186}.Debug|ARM64.ActiveCfg = Debug|x64
		{0F684DBA-3A37-4615-ABEE-FE8996936186}.Debug|x64.ActiveCfg = Debug|x64
		{0F684DBA-3A37-4615-ABEE-FE8996936186}.Debug|x64.Build.0 = Debug|x64
		{0F684DBA-3A37-4615-ABEE-FE8996936186}.Debug|x86.ActiveCfg = Debug|x64
		{0F684DBA-3A37-4615-ABEE-FE8996936186}.Release|Any CPU.ActiveCfg = Release|x64
		{0F684DBA-3A37-4615-ABEE-FE8996936186}.Release|ARM.ActiveCfg = Release|x64
		{0F684DBA-3A37-4615-ABEE-FE8996936186}.Release|ARM64.ActiveCfg = Release|x64
		{0F684DBA-3A37-4615-ABEE-FE8996936186}.Release|x64.ActiveCfg = Release|x64
		{0F684DBA-3A37-4615-ABEE-FE8996936186}.Release|x64.Build.0 = Release|x64
		{0F684DBA-3A37-4615-ABEE-FE8996936186}.Release|x86.ActiveCfg = Release|x64
		{FBCAE8AF-8655-4796-A998-28D6A55BD8AC}.Debug|Any CPU.ActiveCfg = Debug|Any CPU
		{FBCAE8AF-8655-4796-A998-28D6A55BD8AC}.Debug|Any CPU.Build.0 = Debug|Any CPU
		{FBCAE8AF-8655-4796-A998-28D6A55BD8AC}.Debug|Any CPU.Deploy.0 = Debug|Any CPU
		{FBCAE8AF-8655-4796-A998-28D6A55BD8AC}.Debug|ARM.ActiveCfg = Debug|ARM
		{FBCAE8AF-8655-4796-A998-28D6A55BD8AC}.Debug|ARM.Build.0 = Debug|ARM
		{FBCAE8AF-8655-4796-A998-28D6A55BD8AC}.Debug|ARM.Deploy.0 = Debug|ARM
		{FBCAE8AF-8655-4796-A998-28D6A55BD8AC}.Debug|ARM64.ActiveCfg = Debug|ARM64
		{FBCAE8AF-8655-4796-A998-28D6A55BD8AC}.Debug|ARM64.Build.0 = Debug|ARM64
		{FBCAE8AF-8655-4796-A998-28D6A55BD8AC}.Debug|ARM64.Deploy.0 = Debug|ARM64
		{FBCAE8AF-8655-4796-A998-28D6A55BD8AC}.Debug|x64.ActiveCfg = Debug|x64
		{FBCAE8AF-8655-4796-A998-28D6A55BD8AC}.Debug|x64.Build.0 = Debug|x64
		{FBCAE8AF-8655-4796-A998-28D6A55BD8AC}.Debug|x64.Deploy.0 = Debug|x64
		{FBCAE8AF-8655-4796-A998-28D6A55BD8AC}.Debug|x86.ActiveCfg = Debug|x86
		{FBCAE8AF-8655-4796-A998-28D6A55BD8AC}.Debug|x86.Build.0 = Debug|x86
		{FBCAE8AF-8655-4796-A998-28D6A55BD8AC}.Debug|x86.Deploy.0 = Debug|x86
		{FBCAE8AF-8655-4796-A998-28D6A55BD8AC}.Release|Any CPU.ActiveCfg = Release|Any CPU
		{FBCAE8AF-8655-4796-A998-28D6A55BD8AC}.Release|Any CPU.Build.0 = Release|Any CPU
		{FBCAE8AF-8655-4796-A998-28D6A55BD8AC}.Release|Any CPU.Deploy.0 = Release|Any CPU
		{FBCAE8AF-8655-4796-A998-28D6A55BD8AC}.Release|ARM.ActiveCfg = Release|ARM
		{FBCAE8AF-8655-4796-A998-28D6A55BD8AC}.Release|ARM.Build.0 = Release|ARM
		{FBCAE8AF-8655-4796-A998-28D6A55BD8AC}.Release|ARM.Deploy.0 = Release|ARM
		{FBCAE8AF-8655-4796-A998-28D6A55BD8AC}.Release|ARM64.ActiveCfg = Release|ARM64
		{FBCAE8AF-8655-4796-A998-28D6A55BD8AC}.Release|ARM64.Build.0 = Release|ARM64
		{FBCAE8AF-8655-4796-A998-28D6A55BD8AC}.Release|ARM64.Deploy.0 = Release|ARM64
		{FBCAE8AF-8655-4796-A998-28D6A55BD8AC}.Release|x64.ActiveCfg = Release|x64
		{FBCAE8AF-8655-4796-A998-28D6A55BD8AC}.Release|x64.Build.0 = Release|x64
		{FBCAE8AF-8655-4796-A998-28D6A55BD8AC}.Release|x64.Deploy.0 = Release|x64
		{FBCAE8AF-8655-4796-A998-28D6A55BD8AC}.Release|x86.ActiveCfg = Release|x86
		{FBCAE8AF-8655-4796-A998-28D6A55BD8AC}.Release|x86.Build.0 = Release|x86
		{FBCAE8AF-8655-4796-A998-28D6A55BD8AC}.Release|x86.Deploy.0 = Release|x86
	EndGlobalSection
	GlobalSection(SolutionProperties) = preSolution
		HideSolutionNode = FALSE
	EndGlobalSection
	GlobalSection(ExtensibilityGlobals) = postSolution
		SolutionGuid = {756B028D-2878-4522-9924-262B277AFBC5}
	EndGlobalSection
EndGlobal
